Microsoft Visual Studio Solution File, Format Version 12.00
# Visual Studio Version 17
VisualStudioVersion = 17.14.36518.9
MinimumVisualStudioVersion = 10.0.40219.1
Project("{FAE04EC0-301F-11D3-BF4B-00C04F79EFBC}") = "CBTW_TEST.AppHost", "CBTW_TEST.AppHost\CBTW_TEST.AppHost.csproj", "{365C2AC7-2B8B-4108-BBE3-CC5610313A9C}"
EndProject
Project("{FAE04EC0-301F-11D3-BF4B-00C04F79EFBC}") = "CBTW_TEST.ServiceDefaults", "CBTW_TEST.ServiceDefaults\CBTW_TEST.ServiceDefaults.csproj", "{E55FB664-95F6-3E69-B572-388B0EE5D720}"
EndProject
Project("{FAE04EC0-301F-11D3-BF4B-00C04F79EFBC}") = "CBTW_TEST.ApiService", "CBTW_TEST.ApiService\CBTW_TEST.ApiService.csproj", "{609C8B46-1373-70DA-3AFC-77CB6BF933A8}"
EndProject
Project("{FAE04EC0-301F-11D3-BF4B-00C04F79EFBC}") = "CBTW_TEST.Web", "CBTW_TEST.Web\CBTW_TEST.Web.csproj", "{51645668-A7AE-FB19-BA8D-DB5C1DB9D983}"
EndProject
Project("{FAE04EC0-301F-11D3-BF4B-00C04F79EFBC}") = "CBTW_TEST.Tests", "CBTW_TEST.Tests\CBTW_TEST.Tests.csproj", "{4EA61871-91CB-4154-69A1-67373AA9488C}"
EndProject
Project("{FAE04EC0-301F-11D3-BF4B-00C04F79EFBC}") = "CBTW_TEST.Core", "CBTW_TEST.Core\CBTW_TEST.Core.csproj", "{CFD375E5-A5EA-46D7-B01C-A912D87BB040}"
EndProject
Project("{FAE04EC0-301F-11D3-BF4B-00C04F79EFBC}") = "CBTW_TEST.Domain", "CBTW_TEST.Domain\CBTW_TEST.Domain.csproj", "{0F39178C-9C24-4033-A355-D61151BF1F52}"
EndProject
Project("{FAE04EC0-301F-11D3-BF4B-00C04F79EFBC}") = "CBTW_TEST.Services", "CBTW_TEST.Services\CBTW_TEST.Services.csproj", "{EF29537A-B447-4DBE-9DCE-658D570355DC}"
EndProject
Global
	GlobalSection(SolutionConfigurationPlatforms) = preSolution
		Debug|Any CPU = Debug|Any CPU
		Release|Any CPU = Release|Any CPU
	EndGlobalSection
	GlobalSection(ProjectConfigurationPlatforms) = postSolution
		{365C2AC7-2B8B-4108-BBE3-CC5610313A9C}.Debug|Any CPU.ActiveCfg = Debug|Any CPU
		{365C2AC7-2B8B-4108-BBE3-CC5610313A9C}.Debug|Any CPU.Build.0 = Debug|Any CPU
		{365C2AC7-2B8B-4108-BBE3-CC5610313A9C}.Release|Any CPU.ActiveCfg = Release|Any CPU
		{365C2AC7-2B8B-4108-BBE3-CC5610313A9C}.Release|Any CPU.Build.0 = Release|Any CPU
		{E55FB664-95F6-3E69-B572-388B0EE5D720}.Debug|Any CPU.ActiveCfg = Debug|Any CPU
		{E55FB664-95F6-3E69-B572-388B0EE5D720}.Debug|Any CPU.Build.0 = Debug|Any CPU
		{E55FB664-95F6-3E69-B572-388B0EE5D720}.Release|Any CPU.ActiveCfg = Release|Any CPU
		{E55FB664-95F6-3E69-B572-388B0EE5D720}.Release|Any CPU.Build.0 = Release|Any CPU
		{609C8B46-1373-70DA-3AFC-77CB6BF933A8}.Debug|Any CPU.ActiveCfg = Debug|Any CPU
		{609C8B46-1373-70DA-3AFC-77CB6BF933A8}.Debug|Any CPU.Build.0 = Debug|Any CPU
		{609C8B46-1373-70DA-3AFC-77CB6BF933A8}.Release|Any CPU.ActiveCfg = Release|Any CPU
		{609C8B46-1373-70DA-3AFC-77CB6BF933A8}.Release|Any CPU.Build.0 = Release|Any CPU
		{51645668-A7AE-FB19-BA8D-DB5C1DB9D983}.Debug|Any CPU.ActiveCfg = Debug|Any CPU
		{51645668-A7AE-FB19-BA8D-DB5C1DB9D983}.Debug|Any CPU.Build.0 = Debug|Any CPU
		{51645668-A7AE-FB19-BA8D-DB5C1DB9D983}.Release|Any CPU.ActiveCfg = Release|Any CPU
		{51645668-A7AE-FB19-BA8D-DB5C1DB9D983}.Release|Any CPU.Build.0 = Release|Any CPU
		{4EA61871-91CB-4154-69A1-67373AA9488C}.Debug|Any CPU.ActiveCfg = Debug|Any CPU
		{4EA61871-91CB-4154-69A1-67373AA9488C}.Debug|Any CPU.Build.0 = Debug|Any CPU
		{4EA61871-91CB-4154-69A1-67373AA9488C}.Release|Any CPU.ActiveCfg = Release|Any CPU
		{4EA61871-91CB-4154-69A1-67373AA9488C}.Release|Any CPU.Build.0 = Release|Any CPU
		{CFD375E5-A5EA-46D7-B01C-A912D87BB040}.Debug|Any CPU.ActiveCfg = Debug|Any CPU
		{CFD375E5-A5EA-46D7-B01C-A912D87BB040}.Debug|Any CPU.Build.0 = Debug|Any CPU
		{CFD375E5-A5EA-46D7-B01C-A912D87BB040}.Release|Any CPU.ActiveCfg = Release|Any CPU
		{CFD375E5-A5EA-46D7-B01C-A912D87BB040}.Release|Any CPU.Build.0 = Release|Any CPU
		{0F39178C-9C24-4033-A355-D61151BF1F52}.Debug|Any CPU.ActiveCfg = Debug|Any CPU
		{0F39178C-9C24-4033-A355-D61151BF1F52}.Debug|Any CPU.Build.0 = Debug|Any CPU
		{0F39178C-9C24-4033-A355-D61151BF1F52}.Release|Any CPU.ActiveCfg = Release|Any CPU
		{0F39178C-9C24-4033-A355-D61151BF1F52}.Release|Any CPU.Build.0 = Release|Any CPU
		{EF29537A-B447-4DBE-9DCE-658D570355DC}.Debug|Any CPU.ActiveCfg = Debug|Any CPU
		{EF29537A-B447-4DBE-9DCE-658D570355DC}.Debug|Any CPU.Build.0 = Debug|Any CPU
		{EF29537A-B447-4DBE-9DCE-658D570355DC}.Release|Any CPU.ActiveCfg = Release|Any CPU
		{EF29537A-B447-4DBE-9DCE-658D570355DC}.Release|Any CPU.Build.0 = Release|Any CPU
	EndGlobalSection
	GlobalSection(SolutionProperties) = preSolution
		HideSolutionNode = FALSE
	EndGlobalSection
	GlobalSection(ExtensibilityGlobals) = postSolution
		SolutionGuid = {F0BE0D9F-BD06-469D-BF1D-0791C06ED2EB}
	EndGlobalSection
EndGlobal
